
Microsoft Visual Studio Solution File, Format Version 12.00
# Visual Studio Version 17
VisualStudioVersion = 17.13.35828.75
MinimumVisualStudioVersion = 10.0.40219.1
Project("{FAE04EC0-301F-11D3-BF4B-00C04F79EFBC}") = "NA_Components", "NA_Components\NA_Components.csproj", "{E6425003-CF9D-4A52-84BB-4729DD950C78}"
EndProject
Project("{FAE04EC0-301F-11D3-BF4B-00C04F79EFBC}") = "NA_Editor", "NA_Editor\NA_Editor.csproj", "{0B6292B0-BCD5-4A69-990F-1A3E12E73A0B}"
EndProject
Global
	GlobalSection(SolutionConfigurationPlatforms) = preSolution
		Debug|Any CPU = Debug|Any CPU
		Release|Any CPU = Release|Any CPU
	EndGlobalSection
	GlobalSection(ProjectConfigurationPlatforms) = postSolution
		{E6425003-CF9D-4A52-84BB-4729DD950C78}.Debug|Any CPU.ActiveCfg = Debug|Any CPU
		{E6425003-CF9D-4A52-84BB-4729DD950C78}.Debug|Any CPU.Build.0 = Debug|Any CPU
		{E6425003-CF9D-4A52-84BB-4729DD950C78}.Release|Any CPU.ActiveCfg = Release|Any CPU
		{E6425003-CF9D-4A52-84BB-4729DD950C78}.Release|Any CPU.Build.0 = Release|Any CPU
		{0B6292B0-BCD5-4A69-990F-1A3E12E73A0B}.Debug|Any CPU.ActiveCfg = Debug|Any CPU
		{0B6292B0-BCD5-4A69-990F-1A3E12E73A0B}.Debug|Any CPU.Build.0 = Debug|Any CPU
		{0B6292B0-BCD5-4A69-990F-1A3E12E73A0B}.Release|Any CPU.ActiveCfg = Release|Any CPU
		{0B6292B0-BCD5-4A69-990F-1A3E12E73A0B}.Release|Any CPU.Build.0 = Release|Any CPU
	EndGlobalSection
	GlobalSection(SolutionProperties) = preSolution
		HideSolutionNode = FALSE
	EndGlobalSection
	GlobalSection(ExtensibilityGlobals) = postSolution
		SolutionGuid = {14C025EE-B92D-4DAC-81B6-57DE90B87051}
	EndGlobalSection
EndGlobal
